Microsoft Visual Studio Solution File, Format Version 12.00
# Visual Studio 2012
Project("{FAE04EC0-301F-11D3-BF4B-00C04F79EFBC}") = "YGF", "YGF.csproj", "{5E4AAA5B-F725-4FD8-9694-1489F9DDDBAC}"
EndProject
Global
	GlobalSection(SolutionConfigurationPlatforms) = preSolution
	Debug|Any CPU = Debug|Any CPU
	ExportDebug|Any CPU = ExportDebug|Any CPU
	ExportRelease|Any CPU = ExportRelease|Any CPU
	EndGlobalSection
	GlobalSection(ProjectConfigurationPlatforms) = postSolution
		{5E4AAA5B-F725-4FD8-9694-1489F9DDDBAC}.Debug|Any CPU.ActiveCfg = Debug|Any CPU
		{5E4AAA5B-F725-4FD8-9694-1489F9DDDBAC}.Debug|Any CPU.Build.0 = Debug|Any CPU
		{5E4AAA5B-F725-4FD8-9694-1489F9DDDBAC}.ExportDebug|Any CPU.ActiveCfg = ExportDebug|Any CPU
		{5E4AAA5B-F725-4FD8-9694-1489F9DDDBAC}.ExportDebug|Any CPU.Build.0 = ExportDebug|Any CPU
		{5E4AAA5B-F725-4FD8-9694-1489F9DDDBAC}.ExportRelease|Any CPU.ActiveCfg = ExportRelease|Any CPU
		{5E4AAA5B-F725-4FD8-9694-1489F9DDDBAC}.ExportRelease|Any CPU.Build.0 = ExportRelease|Any CPU
	EndGlobalSection
EndGlobal
